
Microsoft Visual Studio Solution File, Format Version 12.00
# Visual Studio Version 17
VisualStudioVersion = 17.2.32516.85
MinimumVisualStudioVersion = 10.0.40219.1
Project("{FAE04EC0-301F-11D3-BF4B-00C04F79EFBC}") = "VideoGameStore2", "VideoGameStore2\VideoGameStore2.csproj", "{56F065CE-F675-4041-9E4F-5498B2EDBFD5}"
EndProject
Global
	GlobalSection(SolutionConfigurationPlatforms) = preSolution
		Debug|Any CPU = Debug|Any CPU
		Release|Any CPU = Release|Any CPU
	EndGlobalSection
	GlobalSection(ProjectConfigurationPlatforms) = postSolution
		{56F065CE-F675-4041-9E4F-5498B2EDBFD5}.Debug|Any CPU.ActiveCfg = Debug|Any CPU
		{56F065CE-F675-4041-9E4F-5498B2EDBFD5}.Debug|Any CPU.Build.0 = Debug|Any CPU
		{56F065CE-F675-4041-9E4F-5498B2EDBFD5}.Release|Any CPU.ActiveCfg = Release|Any CPU
		{56F065CE-F675-4041-9E4F-5498B2EDBFD5}.Release|Any CPU.Build.0 = Release|Any CPU
	EndGlobalSection
	GlobalSection(SolutionProperties) = preSolution
		HideSolutionNode = FALSE
	EndGlobalSection
	GlobalSection(ExtensibilityGlobals) = postSolution
		SolutionGuid = {B9EC8CB0-29E4-450B-9CF4-3C667942A019}
	EndGlobalSection
EndGlobal
