
Microsoft Visual Studio Solution File, Format Version 12.00
# Visual Studio Version 16
VisualStudioVersion = 25.0.1700.6
MinimumVisualStudioVersion = 10.0.40219.1
Project("{FAE04EC0-301F-11D3-BF4B-00C04F79EFBC}") = "ShoppingASPAPI", "ShoppingASPAPI\ShoppingASPAPI.csproj", "{4725CE93-A105-40BF-90E9-7140FE2BE52A}"
EndProject
Global
	GlobalSection(SolutionConfigurationPlatforms) = preSolution
		Debug|Any CPU = Debug|Any CPU
		Release|Any CPU = Release|Any CPU
	EndGlobalSection
	GlobalSection(ProjectConfigurationPlatforms) = postSolution
		{4725CE93-A105-40BF-90E9-7140FE2BE52A}.Debug|Any CPU.ActiveCfg = Debug|Any CPU
		{4725CE93-A105-40BF-90E9-7140FE2BE52A}.Debug|Any CPU.Build.0 = Debug|Any CPU
		{4725CE93-A105-40BF-90E9-7140FE2BE52A}.Release|Any CPU.ActiveCfg = Release|Any CPU
		{4725CE93-A105-40BF-90E9-7140FE2BE52A}.Release|Any CPU.Build.0 = Release|Any CPU
	EndGlobalSection
	GlobalSection(SolutionProperties) = preSolution
		HideSolutionNode = FALSE
	EndGlobalSection
	GlobalSection(ExtensibilityGlobals) = postSolution
		SolutionGuid = {481B60EB-3E34-4BE3-8B63-4C474E602883}
	EndGlobalSection
EndGlobal
