
Microsoft Visual Studio Solution File, Format Version 12.00
# Visual Studio Version 16
VisualStudioVersion = 25.0.1700.6
MinimumVisualStudioVersion = 10.0.40219.1
Project("{FAE04EC0-301F-11D3-BF4B-00C04F79EFBC}") = "RetroStoreAPI", "RetroStoreAPI.csproj", "{7DBC8B5B-D194-4253-AC34-92F5ACEAA3B5}"
EndProject
Global
	GlobalSection(SolutionConfigurationPlatforms) = preSolution
		Debug|Any CPU = Debug|Any CPU
		Release|Any CPU = Release|Any CPU
	EndGlobalSection
	GlobalSection(ProjectConfigurationPlatforms) = postSolution
		{7DBC8B5B-D194-4253-AC34-92F5ACEAA3B5}.Debug|Any CPU.ActiveCfg = Debug|Any CPU
		{7DBC8B5B-D194-4253-AC34-92F5ACEAA3B5}.Debug|Any CPU.Build.0 = Debug|Any CPU
		{7DBC8B5B-D194-4253-AC34-92F5ACEAA3B5}.Release|Any CPU.ActiveCfg = Release|Any CPU
		{7DBC8B5B-D194-4253-AC34-92F5ACEAA3B5}.Release|Any CPU.Build.0 = Release|Any CPU
	EndGlobalSection
	GlobalSection(SolutionProperties) = preSolution
		HideSolutionNode = FALSE
	EndGlobalSection
	GlobalSection(ExtensibilityGlobals) = postSolution
		SolutionGuid = {9B7CF8D7-A821-48A0-A091-7B3A39E89BD3}
	EndGlobalSection
EndGlobal
